{
    "name": "@scout/file-saver-es",
    "version": "1.0.0",
    "lockfileVersion": 1,
    "requires": true,
    "dependencies": {
        "@types/node": {
            "version": "8.9.5",
            "resolved": "https://npm.scout-gps.ru:4873/@types%2fnode/-/node-8.9.5.tgz",
            "integrity": "sha512-jRHfWsvyMtXdbhnz5CVHxaBgnV6duZnPlQuRSo/dm/GnmikNcmZhxIES4E9OZjUmQ8C+HCl4KJux+cXN/ErGDQ==",
            "dev": true
        },
        "typescript": {
            "version": "3.2.4",
            "resolved": "https://npm.scout-gps.ru:4873/typescript/-/typescript-3.2.4.tgz",
            "integrity": "sha512-0RNDbSdEokBeEAkgNbxJ+BLwSManFy9TeXz8uW+48j/xhEXv1ePME60olyzw2XzUqUBNAYFeJadIqAgNqIACwg==",
            "dev": true
        }
    }
}
